
Microsoft Visual Studio Solution File, Format Version 12.00
# Visual Studio Version 16
VisualStudioVersion = 16.0.30225.117
MinimumVisualStudioVersion = 10.0.40219.1
Project("{FAE04EC0-301F-11D3-BF4B-00C04F79EFBC}") = "Assignment5dollarcomputers", "Assignment5dollarcomputers\Assignment5dollarcomputers.csproj", "{774188E7-3FDD-4BDC-8A95-C3B8A79D49A7}"
EndProject
Global
	GlobalSection(SolutionConfigurationPlatforms) = preSolution
		Debug|Any CPU = Debug|Any CPU
		Release|Any CPU = Release|Any CPU
	EndGlobalSection
	GlobalSection(ProjectConfigurationPlatforms) = postSolution
		{774188E7-3FDD-4BDC-8A95-C3B8A79D49A7}.Debug|Any CPU.ActiveCfg = Debug|Any CPU
		{774188E7-3FDD-4BDC-8A95-C3B8A79D49A7}.Debug|Any CPU.Build.0 = Debug|Any CPU
		{774188E7-3FDD-4BDC-8A95-C3B8A79D49A7}.Release|Any CPU.ActiveCfg = Release|Any CPU
		{774188E7-3FDD-4BDC-8A95-C3B8A79D49A7}.Release|Any CPU.Build.0 = Release|Any CPU
	EndGlobalSection
	GlobalSection(SolutionProperties) = preSolution
		HideSolutionNode = FALSE
	EndGlobalSection
	GlobalSection(ExtensibilityGlobals) = postSolution
		SolutionGuid = {52C47B6E-E718-437A-BF97-3E315241CD7A}
	EndGlobalSection
EndGlobal
